
Microsoft Visual Studio Solution File, Format Version 12.00
# Visual Studio Version 17
VisualStudioVersion = 17.1.32228.430
MinimumVisualStudioVersion = 10.0.40219.1
Project("{9A19103F-16F7-4668-BE54-9A1E7A4F7556}") = "FirstGameSalePlatformDemo", "FirstGameDemo\FirstGameSalePlatformDemo.csproj", "{AB31EABB-CB06-4A9A-8F6D-C333160296FF}"
EndProject
Global
	GlobalSection(SolutionConfigurationPlatforms) = preSolution
		Debug|Any CPU = Debug|Any CPU
		Release|Any CPU = Release|Any CPU
	EndGlobalSection
	GlobalSection(ProjectConfigurationPlatforms) = postSolution
		{AB31EABB-CB06-4A9A-8F6D-C333160296FF}.Debug|Any CPU.ActiveCfg = Debug|Any CPU
		{AB31EABB-CB06-4A9A-8F6D-C333160296FF}.Debug|Any CPU.Build.0 = Debug|Any CPU
		{AB31EABB-CB06-4A9A-8F6D-C333160296FF}.Release|Any CPU.ActiveCfg = Release|Any CPU
		{AB31EABB-CB06-4A9A-8F6D-C333160296FF}.Release|Any CPU.Build.0 = Release|Any CPU
	EndGlobalSection
	GlobalSection(SolutionProperties) = preSolution
		HideSolutionNode = FALSE
	EndGlobalSection
	GlobalSection(ExtensibilityGlobals) = postSolution
		SolutionGuid = {7CCF21F7-B9AA-4D7A-9973-9C40C72569EC}
	EndGlobalSection
EndGlobal
